
Microsoft Visual Studio Solution File, Format Version 12.00
# Visual Studio Version 17
VisualStudioVersion = 17.0.31912.275
MinimumVisualStudioVersion = 10.0.40219.1
Project("{2150E333-8FDC-42A3-9474-1A3956D46DE8}") = "Test", "Test", "{1E7FE3DF-8294-4D9D-B8D6-C948FCE72513}"
EndProject
Project("{2150E333-8FDC-42A3-9474-1A3956D46DE8}") = "src", "src", "{3EA74402-9E77-49E5-8C62-C1B493619502}"
EndProject
Project("{9A19103F-16F7-4668-BE54-9A1E7A4F7556}") = "Tool.Business", "Tool.Business\Tool.Business.csproj", "{7F0A8EA6-62CA-43F1-8C9A-B18A5DE4C803}"
EndProject
Project("{9A19103F-16F7-4668-BE54-9A1E7A4F7556}") = "Tool.Data", "Tool.Data\Tool.Data.csproj", "{04BA2C80-424A-41B5-B0C6-5B06B20D93DD}"
EndProject
Project("{9A19103F-16F7-4668-BE54-9A1E7A4F7556}") = "Tool.Test", "Tool.Test\Tool.Test.csproj", "{27A05CBE-3DF2-4B05-A1EB-2408A3DE8733}"
EndProject
Project("{9A19103F-16F7-4668-BE54-9A1E7A4F7556}") = "Tool.Service", "Tool.Service\Tool.Service.csproj", "{26DAD828-D18D-47EF-9F2E-B8316CFC2EBD}"
EndProject
Project("{9A19103F-16F7-4668-BE54-9A1E7A4F7556}") = "Tool.IService", "Tool.IService\Tool.IService.csproj", "{293C53AE-E012-4695-8EE6-B4D8CC6C6F4A}"
EndProject
Project("{54435603-DBB4-11D2-8724-00A0C9A8B90C}") = "TestSetup", "TestSetup\TestSetup.vdproj", "{C29FCEA2-833E-4C6C-A29D-0F974DFF5C64}"
EndProject
Project("{FAE04EC0-301F-11D3-BF4B-00C04F79EFBC}") = "Tool.Main", "Tool.Main\Tool.Main.csproj", "{97E5D060-DD67-4F42-8E57-DCFDEF1E6BF6}"
EndProject
Project("{54435603-DBB4-11D2-8724-00A0C9A8B90C}") = "DeveloperToolSetup", "DeveloperToolSetup\DeveloperToolSetup.vdproj", "{851659E0-CA35-4654-9139-56EC651FF4A2}"
EndProject
Global
	GlobalSection(SolutionConfigurationPlatforms) = preSolution
		Debug|Any CPU = Debug|Any CPU
		Release|Any CPU = Release|Any CPU
	EndGlobalSection
	GlobalSection(ProjectConfigurationPlatforms) = postSolution
		{7F0A8EA6-62CA-43F1-8C9A-B18A5DE4C803}.Debug|Any CPU.ActiveCfg = Debug|Any CPU
		{7F0A8EA6-62CA-43F1-8C9A-B18A5DE4C803}.Debug|Any CPU.Build.0 = Debug|Any CPU
		{7F0A8EA6-62CA-43F1-8C9A-B18A5DE4C803}.Release|Any CPU.ActiveCfg = Release|Any CPU
		{7F0A8EA6-62CA-43F1-8C9A-B18A5DE4C803}.Release|Any CPU.Build.0 = Release|Any CPU
		{04BA2C80-424A-41B5-B0C6-5B06B20D93DD}.Debug|Any CPU.ActiveCfg = Debug|Any CPU
		{04BA2C80-424A-41B5-B0C6-5B06B20D93DD}.Debug|Any CPU.Build.0 = Debug|Any CPU
		{04BA2C80-424A-41B5-B0C6-5B06B20D93DD}.Release|Any CPU.ActiveCfg = Release|Any CPU
		{04BA2C80-424A-41B5-B0C6-5B06B20D93DD}.Release|Any CPU.Build.0 = Release|Any CPU
		{27A05CBE-3DF2-4B05-A1EB-2408A3DE8733}.Debug|Any CPU.ActiveCfg = Debug|Any CPU
		{27A05CBE-3DF2-4B05-A1EB-2408A3DE8733}.Debug|Any CPU.Build.0 = Debug|Any CPU
		{27A05CBE-3DF2-4B05-A1EB-2408A3DE8733}.Release|Any CPU.ActiveCfg = Release|Any CPU
		{27A05CBE-3DF2-4B05-A1EB-2408A3DE8733}.Release|Any CPU.Build.0 = Release|Any CPU
		{26DAD828-D18D-47EF-9F2E-B8316CFC2EBD}.Debug|Any CPU.ActiveCfg = Debug|Any CPU
		{26DAD828-D18D-47EF-9F2E-B8316CFC2EBD}.Debug|Any CPU.Build.0 = Debug|Any CPU
		{26DAD828-D18D-47EF-9F2E-B8316CFC2EBD}.Release|Any CPU.ActiveCfg = Release|Any CPU
		{26DAD828-D18D-47EF-9F2E-B8316CFC2EBD}.Release|Any CPU.Build.0 = Release|Any CPU
		{293C53AE-E012-4695-8EE6-B4D8CC6C6F4A}.Debug|Any CPU.ActiveCfg = Debug|Any CPU
		{293C53AE-E012-4695-8EE6-B4D8CC6C6F4A}.Debug|Any CPU.Build.0 = Debug|Any CPU
		{293C53AE-E012-4695-8EE6-B4D8CC6C6F4A}.Release|Any CPU.ActiveCfg = Release|Any CPU
		{293C53AE-E012-4695-8EE6-B4D8CC6C6F4A}.Release|Any CPU.Build.0 = Release|Any CPU
		{C29FCEA2-833E-4C6C-A29D-0F974DFF5C64}.Debug|Any CPU.ActiveCfg = Debug
		{C29FCEA2-833E-4C6C-A29D-0F974DFF5C64}.Release|Any CPU.ActiveCfg = Release
		{97E5D060-DD67-4F42-8E57-DCFDEF1E6BF6}.Debug|Any CPU.ActiveCfg = Debug|Any CPU
		{97E5D060-DD67-4F42-8E57-DCFDEF1E6BF6}.Debug|Any CPU.Build.0 = Debug|Any CPU
		{97E5D060-DD67-4F42-8E57-DCFDEF1E6BF6}.Release|Any CPU.ActiveCfg = Release|Any CPU
		{97E5D060-DD67-4F42-8E57-DCFDEF1E6BF6}.Release|Any CPU.Build.0 = Release|Any CPU
		{851659E0-CA35-4654-9139-56EC651FF4A2}.Debug|Any CPU.ActiveCfg = Debug
		{851659E0-CA35-4654-9139-56EC651FF4A2}.Release|Any CPU.ActiveCfg = Release
	EndGlobalSection
	GlobalSection(SolutionProperties) = preSolution
		HideSolutionNode = FALSE
	EndGlobalSection
	GlobalSection(NestedProjects) = preSolution
		{7F0A8EA6-62CA-43F1-8C9A-B18A5DE4C803} = {3EA74402-9E77-49E5-8C62-C1B493619502}
		{04BA2C80-424A-41B5-B0C6-5B06B20D93DD} = {3EA74402-9E77-49E5-8C62-C1B493619502}
		{27A05CBE-3DF2-4B05-A1EB-2408A3DE8733} = {1E7FE3DF-8294-4D9D-B8D6-C948FCE72513}
		{26DAD828-D18D-47EF-9F2E-B8316CFC2EBD} = {3EA74402-9E77-49E5-8C62-C1B493619502}
		{293C53AE-E012-4695-8EE6-B4D8CC6C6F4A} = {3EA74402-9E77-49E5-8C62-C1B493619502}
		{C29FCEA2-833E-4C6C-A29D-0F974DFF5C64} = {1E7FE3DF-8294-4D9D-B8D6-C948FCE72513}
		{97E5D060-DD67-4F42-8E57-DCFDEF1E6BF6} = {3EA74402-9E77-49E5-8C62-C1B493619502}
		{851659E0-CA35-4654-9139-56EC651FF4A2} = {3EA74402-9E77-49E5-8C62-C1B493619502}
	EndGlobalSection
	GlobalSection(ExtensibilityGlobals) = postSolution
		SolutionGuid = {421E6482-9FBB-40D9-8DA5-05AD294B6A3D}
	EndGlobalSection
EndGlobal
